
Microsoft Visual Studio Solution File, Format Version 11.00
# Visual Studio 2010
Project("{FAE04EC0-301F-11D3-BF4B-00C04F79EFBC}") = "COMPASS", "MECS\COMPASS.csproj", "{BC02181F-32E3-4825-836A-CF4D04CCE4B3}"
EndProject
Global
	GlobalSection(SolutionConfigurationPlatforms) = preSolution
		Debug|Any CPU = Debug|Any CPU
		Release|Any CPU = Release|Any CPU
	EndGlobalSection
	GlobalSection(ProjectConfigurationPlatforms) = postSolution
		{BC02181F-32E3-4825-836A-CF4D04CCE4B3}.Debug|Any CPU.ActiveCfg = Debug|Any CPU
		{BC02181F-32E3-4825-836A-CF4D04CCE4B3}.Debug|Any CPU.Build.0 = Debug|Any CPU
		{BC02181F-32E3-4825-836A-CF4D04CCE4B3}.Release|Any CPU.ActiveCfg = Release|Any CPU
		{BC02181F-32E3-4825-836A-CF4D04CCE4B3}.Release|Any CPU.Build.0 = Release|Any CPU
	EndGlobalSection
	GlobalSection(SolutionProperties) = preSolution
		HideSolutionNode = FALSE
	EndGlobalSection
EndGlobal
